
Microsoft Visual Studio Solution File, Format Version 12.00
# Visual Studio Version 16
VisualStudioVersion = 16.0.29102.190
MinimumVisualStudioVersion = 10.0.40219.1
Project("{FAE04EC0-301F-11D3-BF4B-00C04F79EFBC}") = "Steam Account Changer", "Steam Account Changer.csproj", "{7A20BA6A-5601-42B2-AB9D-F58153071C22}"
EndProject
Global
	GlobalSection(SolutionConfigurationPlatforms) = preSolution
		Debug|Any CPU = Debug|Any CPU
		Release|Any CPU = Release|Any CPU
	EndGlobalSection
	GlobalSection(ProjectConfigurationPlatforms) = postSolution
		{7A20BA6A-5601-42B2-AB9D-F58153071C22}.Debug|Any CPU.ActiveCfg = Debug|Any CPU
		{7A20BA6A-5601-42B2-AB9D-F58153071C22}.Debug|Any CPU.Build.0 = Debug|Any CPU
		{7A20BA6A-5601-42B2-AB9D-F58153071C22}.Release|Any CPU.ActiveCfg = Release|Any CPU
		{7A20BA6A-5601-42B2-AB9D-F58153071C22}.Release|Any CPU.Build.0 = Release|Any CPU
	EndGlobalSection
	GlobalSection(SolutionProperties) = preSolution
		HideSolutionNode = FALSE
	EndGlobalSection
	GlobalSection(ExtensibilityGlobals) = postSolution
		SolutionGuid = {F8138FFB-5309-4226-BC7F-0AD6DE0563F5}
	EndGlobalSection
EndGlobal
